
Microsoft Visual Studio Solution File, Format Version 12.00
# Visual Studio Version 16
VisualStudioVersion = 16.0.31205.134
MinimumVisualStudioVersion = 10.0.40219.1
Project("{9A19103F-16F7-4668-BE54-9A1E7A4F7556}") = "NAMG_Final", "NAMG_Final\NAMG_Final.csproj", "{F4ED8F9A-C86A-4F0A-966B-B02156DA93B9}"
EndProject
Global
	GlobalSection(SolutionConfigurationPlatforms) = preSolution
		Debug|Any CPU = Debug|Any CPU
		Release|Any CPU = Release|Any CPU
	EndGlobalSection
	GlobalSection(ProjectConfigurationPlatforms) = postSolution
		{F4ED8F9A-C86A-4F0A-966B-B02156DA93B9}.Debug|Any CPU.ActiveCfg = Debug|Any CPU
		{F4ED8F9A-C86A-4F0A-966B-B02156DA93B9}.Debug|Any CPU.Build.0 = Debug|Any CPU
		{F4ED8F9A-C86A-4F0A-966B-B02156DA93B9}.Release|Any CPU.ActiveCfg = Release|Any CPU
		{F4ED8F9A-C86A-4F0A-966B-B02156DA93B9}.Release|Any CPU.Build.0 = Release|Any CPU
	EndGlobalSection
	GlobalSection(SolutionProperties) = preSolution
		HideSolutionNode = FALSE
	EndGlobalSection
	GlobalSection(ExtensibilityGlobals) = postSolution
		SolutionGuid = {C22E4F16-5D7B-4137-B09C-F676D26858CC}
	EndGlobalSection
EndGlobal
